# THIS IS AN AUTOGENERATED FILE. DO NOT EDIT THIS FILE DIRECTLY.
# yarn lockfile v1
# bun ./bun.lockb --hash: 5E47D6F40E71F498-a6afbae722a2fc62-D15F5922876056BD-36ce2e0b00a3182c


"@esbuild/android-arm@0.17.18":
  version "0.17.18"
  resolved "https://registry.npmjs.org/@esbuild/android-arm/-/android-arm-0.17.18.tgz"
  integrity sha512-EmwL+vUBZJ7mhFCs5lA4ZimpUH3WMAoqvOIYhVQwdIgSpHC8ImHdsRyhHAVxpDYUSm0lWvd63z0XH1IlImS2Qw==

"@esbuild/android-arm64@0.17.18":
  version "0.17.18"
  resolved "https://registry.npmjs.org/@esbuild/android-arm64/-/android-arm64-0.17.18.tgz"
  integrity sha512-/iq0aK0eeHgSC3z55ucMAHO05OIqmQehiGay8eP5l/5l+iEr4EIbh4/MI8xD9qRFjqzgkc0JkX0LculNC9mXBw==

"@esbuild/android-x64@0.17.18":
  version "0.17.18"
  resolved "https://registry.npmjs.org/@esbuild/android-x64/-/android-x64-0.17.18.tgz"
  integrity sha512-x+0efYNBF3NPW2Xc5bFOSFW7tTXdAcpfEg2nXmxegm4mJuVeS+i109m/7HMiOQ6M12aVGGFlqJX3RhNdYM2lWg==

"@esbuild/darwin-arm64@0.17.18":
  version "0.17.18"
  resolved "https://registry.npmjs.org/@esbuild/darwin-arm64/-/darwin-arm64-0.17.18.tgz"
  integrity sha512-6tY+djEAdF48M1ONWnQb1C+6LiXrKjmqjzPNPWXhu/GzOHTHX2nh8Mo2ZAmBFg0kIodHhciEgUBtcYCAIjGbjQ==

"@esbuild/darwin-x64@0.17.18":
  version "0.17.18"
  resolved "https://registry.npmjs.org/@esbuild/darwin-x64/-/darwin-x64-0.17.18.tgz"
  integrity sha512-Qq84ykvLvya3dO49wVC9FFCNUfSrQJLbxhoQk/TE1r6MjHo3sFF2tlJCwMjhkBVq3/ahUisj7+EpRSz0/+8+9A==

"@esbuild/freebsd-arm64@0.17.18":
  version "0.17.18"
  resolved "https://registry.npmjs.org/@esbuild/freebsd-arm64/-/freebsd-arm64-0.17.18.tgz"
  integrity sha512-fw/ZfxfAzuHfaQeMDhbzxp9mc+mHn1Y94VDHFHjGvt2Uxl10mT4CDavHm+/L9KG441t1QdABqkVYwakMUeyLRA==

"@esbuild/freebsd-x64@0.17.18":
  version "0.17.18"
  resolved "https://registry.npmjs.org/@esbuild/freebsd-x64/-/freebsd-x64-0.17.18.tgz"
  integrity sha512-FQFbRtTaEi8ZBi/A6kxOC0V0E9B/97vPdYjY9NdawyLd4Qk5VD5g2pbWN2VR1c0xhzcJm74HWpObPszWC+qTew==

"@esbuild/linux-arm@0.17.18":
  version "0.17.18"
  resolved "https://registry.npmjs.org/@esbuild/linux-arm/-/linux-arm-0.17.18.tgz"
  integrity sha512-jW+UCM40LzHcouIaqv3e/oRs0JM76JfhHjCavPxMUti7VAPh8CaGSlS7cmyrdpzSk7A+8f0hiedHqr/LMnfijg==

"@esbuild/linux-arm64@0.17.18":
  version "0.17.18"
  resolved "https://registry.npmjs.org/@esbuild/linux-arm64/-/linux-arm64-0.17.18.tgz"
  integrity sha512-R7pZvQZFOY2sxUG8P6A21eq6q+eBv7JPQYIybHVf1XkQYC+lT7nDBdC7wWKTrbvMXKRaGudp/dzZCwL/863mZQ==

"@esbuild/linux-ia32@0.17.18":
  version "0.17.18"
  resolved "https://registry.npmjs.org/@esbuild/linux-ia32/-/linux-ia32-0.17.18.tgz"
  integrity sha512-ygIMc3I7wxgXIxk6j3V00VlABIjq260i967Cp9BNAk5pOOpIXmd1RFQJQX9Io7KRsthDrQYrtcx7QCof4o3ZoQ==

"@esbuild/linux-loong64@0.17.18":
  version "0.17.18"
  resolved "https://registry.npmjs.org/@esbuild/linux-loong64/-/linux-loong64-0.17.18.tgz"
  integrity sha512-bvPG+MyFs5ZlwYclCG1D744oHk1Pv7j8psF5TfYx7otCVmcJsEXgFEhQkbhNW8otDHL1a2KDINW20cfCgnzgMQ==

"@esbuild/linux-mips64el@0.17.18":
  version "0.17.18"
  resolved "https://registry.npmjs.org/@esbuild/linux-mips64el/-/linux-mips64el-0.17.18.tgz"
  integrity sha512-oVqckATOAGuiUOa6wr8TXaVPSa+6IwVJrGidmNZS1cZVx0HqkTMkqFGD2HIx9H1RvOwFeWYdaYbdY6B89KUMxA==

"@esbuild/linux-ppc64@0.17.18":
  version "0.17.18"
  resolved "https://registry.npmjs.org/@esbuild/linux-ppc64/-/linux-ppc64-0.17.18.tgz"
  integrity sha512-3dLlQO+b/LnQNxgH4l9rqa2/IwRJVN9u/bK63FhOPB4xqiRqlQAU0qDU3JJuf0BmaH0yytTBdoSBHrb2jqc5qQ==

"@esbuild/linux-riscv64@0.17.18":
  version "0.17.18"
  resolved "https://registry.npmjs.org/@esbuild/linux-riscv64/-/linux-riscv64-0.17.18.tgz"
  integrity sha512-/x7leOyDPjZV3TcsdfrSI107zItVnsX1q2nho7hbbQoKnmoeUWjs+08rKKt4AUXju7+3aRZSsKrJtaRmsdL1xA==

"@esbuild/linux-s390x@0.17.18":
  version "0.17.18"
  resolved "https://registry.npmjs.org/@esbuild/linux-s390x/-/linux-s390x-0.17.18.tgz"
  integrity sha512-cX0I8Q9xQkL/6F5zWdYmVf5JSQt+ZfZD2bJudZrWD+4mnUvoZ3TDDXtDX2mUaq6upMFv9FlfIh4Gfun0tbGzuw==

"@esbuild/linux-x64@0.17.18":
  version "0.17.18"
  resolved "https://registry.npmjs.org/@esbuild/linux-x64/-/linux-x64-0.17.18.tgz"
  integrity sha512-66RmRsPlYy4jFl0vG80GcNRdirx4nVWAzJmXkevgphP1qf4dsLQCpSKGM3DUQCojwU1hnepI63gNZdrr02wHUA==

"@esbuild/netbsd-x64@0.17.18":
  version "0.17.18"
  resolved "https://registry.npmjs.org/@esbuild/netbsd-x64/-/netbsd-x64-0.17.18.tgz"
  integrity sha512-95IRY7mI2yrkLlTLb1gpDxdC5WLC5mZDi+kA9dmM5XAGxCME0F8i4bYH4jZreaJ6lIZ0B8hTrweqG1fUyW7jbg==

"@esbuild/openbsd-x64@0.17.18":
  version "0.17.18"
  resolved "https://registry.npmjs.org/@esbuild/openbsd-x64/-/openbsd-x64-0.17.18.tgz"
  integrity sha512-WevVOgcng+8hSZ4Q3BKL3n1xTv5H6Nb53cBrtzzEjDbbnOmucEVcZeGCsCOi9bAOcDYEeBZbD2SJNBxlfP3qiA==

"@esbuild/sunos-x64@0.17.18":
  version "0.17.18"
  resolved "https://registry.npmjs.org/@esbuild/sunos-x64/-/sunos-x64-0.17.18.tgz"
  integrity sha512-Rzf4QfQagnwhQXVBS3BYUlxmEbcV7MY+BH5vfDZekU5eYpcffHSyjU8T0xucKVuOcdCsMo+Ur5wmgQJH2GfNrg==

"@esbuild/win32-arm64@0.17.18":
  version "0.17.18"
  resolved "https://registry.npmjs.org/@esbuild/win32-arm64/-/win32-arm64-0.17.18.tgz"
  integrity sha512-Kb3Ko/KKaWhjeAm2YoT/cNZaHaD1Yk/pa3FTsmqo9uFh1D1Rfco7BBLIPdDOozrObj2sahslFuAQGvWbgWldAg==

"@esbuild/win32-ia32@0.17.18":
  version "0.17.18"
  resolved "https://registry.npmjs.org/@esbuild/win32-ia32/-/win32-ia32-0.17.18.tgz"
  integrity sha512-0/xUMIdkVHwkvxfbd5+lfG7mHOf2FRrxNbPiKWg9C4fFrB8H0guClmaM3BFiRUYrznVoyxTIyC/Ou2B7QQSwmw==

"@esbuild/win32-x64@0.17.18":
  version "0.17.18"
  resolved "https://registry.npmjs.org/@esbuild/win32-x64/-/win32-x64-0.17.18.tgz"
  integrity sha512-qU25Ma1I3NqTSHJUOKi9sAH1/Mzuvlke0ioMJRthLXKm7JiSKVwFghlGbDLOO2sARECGhja4xYfRAZNPAkooYg==

"@swc/core@^1.3.42":
  version "1.3.56"
  resolved "https://registry.npmjs.org/@swc/core/-/core-1.3.56.tgz"
  integrity sha512-yz/EeXT+PMZucUNrYceRUaTfuNS4IIu5EDZSOlvCEvm4jAmZi7CYH1B/kvzEzoAOzr7zkQiDPNJftcQXLkjbjA==
  optionalDependencies:
    "@swc/core-win32-x64-msvc" "1.3.56"
    "@swc/core-darwin-x64" "1.3.56"
    "@swc/core-linux-x64-gnu" "1.3.56"
    "@swc/core-linux-x64-musl" "1.3.56"
    "@swc/core-win32-ia32-msvc" "1.3.56"
    "@swc/core-linux-arm64-gnu" "1.3.56"
    "@swc/core-linux-arm-gnueabihf" "1.3.56"
    "@swc/core-darwin-arm64" "1.3.56"
    "@swc/core-linux-arm64-musl" "1.3.56"
    "@swc/core-win32-arm64-msvc" "1.3.56"

"@swc/core-darwin-arm64@1.3.56":
  version "1.3.56"
  resolved "https://registry.npmjs.org/@swc/core-darwin-arm64/-/core-darwin-arm64-1.3.56.tgz"
  integrity sha512-DZcu7BzDaLEdWHabz9DRTP0yEBLqkrWmskFcD5BX0lGAvoIvE4duMnAqi5F2B3X7630QioHRCYFoRw2WkeE3Cw==

"@swc/core-darwin-x64@1.3.56":
  version "1.3.56"
  resolved "https://registry.npmjs.org/@swc/core-darwin-x64/-/core-darwin-x64-1.3.56.tgz"
  integrity sha512-VH5saqYFasdRXJy6RAT+MXm0+IjkMZvOkohJwUei+oA65cKJofQwrJ1jZro8yOJFYvUSI3jgNRGsdBkmo/4hMw==

"@swc/core-linux-arm-gnueabihf@1.3.56":
  version "1.3.56"
  resolved "https://registry.npmjs.org/@swc/core-linux-arm-gnueabihf/-/core-linux-arm-gnueabihf-1.3.56.tgz"
  integrity sha512-LWwPo6NnJkH01+ukqvkoNIOpMdw+Zundm4vBeicwyVrkP+mC3kwVfi03TUFpQUz3kRKdw/QEnxGTj+MouCPbtw==

"@swc/core-linux-arm64-gnu@1.3.56":
  version "1.3.56"
  resolved "https://registry.npmjs.org/@swc/core-linux-arm64-gnu/-/core-linux-arm64-gnu-1.3.56.tgz"
  integrity sha512-GzsUy/4egJ4cMlxbM+Ub7AMi5CKAc+pxBxrh8MUPQbyStW8jGgnQsJouTnGy0LHawtdEnsCOl6PcO6OgvktXuQ==

"@swc/core-linux-arm64-musl@1.3.56":
  version "1.3.56"
  resolved "https://registry.npmjs.org/@swc/core-linux-arm64-musl/-/core-linux-arm64-musl-1.3.56.tgz"
  integrity sha512-9gxL09BIiAv8zY0DjfnFf19bo8+P4T9tdhzPwcm+1yPJcY5yr1+YFWLNFzz01agtOj6VlZ2/wUJTaOfdjjtc+A==

"@swc/core-linux-x64-gnu@1.3.56":
  version "1.3.56"
  resolved "https://registry.npmjs.org/@swc/core-linux-x64-gnu/-/core-linux-x64-gnu-1.3.56.tgz"
  integrity sha512-n0ORNknl50vMRkll3BDO1E4WOqY6iISlPV1ZQCRLWQ6YQ2q8/WAryBxc2OAybcGHBUFkxyACpJukeU1QZ/9tNw==

"@swc/core-linux-x64-musl@1.3.56":
  version "1.3.56"
  resolved "https://registry.npmjs.org/@swc/core-linux-x64-musl/-/core-linux-x64-musl-1.3.56.tgz"
  integrity sha512-r+D34WLAOAlJtfw1gaVWpHRwCncU9nzW9i7w9kSw4HpWYnHJOz54jLGSEmNsrhdTCz1VK2ar+V2ktFUsrlGlDA==

"@swc/core-win32-arm64-msvc@1.3.56":
  version "1.3.56"
  resolved "https://registry.npmjs.org/@swc/core-win32-arm64-msvc/-/core-win32-arm64-msvc-1.3.56.tgz"
  integrity sha512-29Yt75Is6X24z3x8h/xZC1HnDPkPpyLH9mDQiM6Cuc0I9mVr1XSriPEUB2N/awf5IE4SA8c+3IVq1DtKWbkJIw==

"@swc/core-win32-ia32-msvc@1.3.56":
  version "1.3.56"
  resolved "https://registry.npmjs.org/@swc/core-win32-ia32-msvc/-/core-win32-ia32-msvc-1.3.56.tgz"
  integrity sha512-mplp0zbYDrcHtfvkniXlXdB04e2qIjz2Gq/XHKr4Rnc6xVORJjjXF91IemXKpavx2oZYJws+LNJL7UFQ8jyCdQ==

"@swc/core-win32-x64-msvc@1.3.56":
  version "1.3.56"
  resolved "https://registry.npmjs.org/@swc/core-win32-x64-msvc/-/core-win32-x64-msvc-1.3.56.tgz"
  integrity sha512-zp8MBnrw/bjdLenO/ifYzHrImSjKunqL0C2IF4LXYNRfcbYFh2NwobsVQMZ20IT0474lKRdlP8Oxdt+bHuXrzA==

"@types/prop-types@*":
  version "15.7.5"
  resolved "https://registry.npmjs.org/@types/prop-types/-/prop-types-15.7.5.tgz"
  integrity sha512-JCB8C6SnDoQf0cNycqd/35A7MjcnK+ZTqE7judS6o7utxUCg6imJg3QK2qzHKszlTjcj2cn+NwMB2i96ubpj7w==

"@types/react@*", "@types/react@^18.2.0":
  version "18.2.0"
  resolved "https://registry.npmjs.org/@types/react/-/react-18.2.0.tgz"
  integrity sha512-0FLj93y5USLHdnhIhABk83rm8XEGA7kH3cr+YUlvxoUGp1xNt/DINUMvqPxLyOQMzLmZe8i4RTHbvb8MC7NmrA==
  dependencies:
    "@types/prop-types" "*"
    "@types/scheduler" "*"
    csstype "^3.0.2"

"@types/react-dom@^18.2.1":
  version "18.2.1"
  resolved "https://registry.npmjs.org/@types/react-dom/-/react-dom-18.2.1.tgz"
  integrity sha512-8QZEV9+Kwy7tXFmjJrp3XUKQSs9LTnE0KnoUb0YCguWBiNW0Yfb2iBMYZ08WPg35IR6P3Z0s00B15SwZnO26+w==
  dependencies:
    "@types/react" "*"

"@types/scheduler@*":
  version "0.16.3"
  resolved "https://registry.npmjs.org/@types/scheduler/-/scheduler-0.16.3.tgz"
  integrity sha512-5cJ8CB4yAx7BH1oMvdU0Jh9lrEXyPkar6F9G/ERswkCuvP4KQZfZkSjcMbAICCpQTN4OuZn8tz0HiKv9TGZgrQ==

"@vitejs/plugin-react-swc@^3.3.0":
  version "3.3.0"
  resolved "https://registry.npmjs.org/@vitejs/plugin-react-swc/-/plugin-react-swc-3.3.0.tgz"
  integrity sha512-Ycg+n2eyCOTpn/wRy+evVo859+hw7qCj9iaX5CMny6x1fx1Uoq0xBG+a98lFtwLNGfGEnpI0F26YigRuxCRkwg==
  dependencies:
    "@swc/core" "^1.3.42"

csstype@^3.0.2:
  version "3.1.2"
  resolved "https://registry.npmjs.org/csstype/-/csstype-3.1.2.tgz"
  integrity sha512-I7K1Uu0MBPzaFKg4nI5Q7Vs2t+3gWWW648spaF+Rg7pI9ds18Ugn+lvg4SHczUdKlHI5LWBXyqfS8+DufyBsgQ==

esbuild@^0.17.5:
  version "0.17.18"
  resolved "https://registry.npmjs.org/esbuild/-/esbuild-0.17.18.tgz"
  integrity sha512-z1lix43jBs6UKjcZVKOw2xx69ffE2aG0PygLL5qJ9OS/gy0Ewd1gW/PUQIOIQGXBHWNywSc0floSKoMFF8aK2w==
  optionalDependencies:
    "@esbuild/android-arm" "0.17.18"
    "@esbuild/android-arm64" "0.17.18"
    "@esbuild/android-x64" "0.17.18"
    "@esbuild/darwin-arm64" "0.17.18"
    "@esbuild/darwin-x64" "0.17.18"
    "@esbuild/freebsd-arm64" "0.17.18"
    "@esbuild/freebsd-x64" "0.17.18"
    "@esbuild/linux-arm" "0.17.18"
    "@esbuild/linux-arm64" "0.17.18"
    "@esbuild/linux-ia32" "0.17.18"
    "@esbuild/linux-loong64" "0.17.18"
    "@esbuild/linux-mips64el" "0.17.18"
    "@esbuild/linux-ppc64" "0.17.18"
    "@esbuild/linux-riscv64" "0.17.18"
    "@esbuild/linux-s390x" "0.17.18"
    "@esbuild/linux-x64" "0.17.18"
    "@esbuild/netbsd-x64" "0.17.18"
    "@esbuild/openbsd-x64" "0.17.18"
    "@esbuild/sunos-x64" "0.17.18"
    "@esbuild/win32-arm64" "0.17.18"
    "@esbuild/win32-ia32" "0.17.18"
    "@esbuild/win32-x64" "0.17.18"

fsevents@~2.3.2:
  version "2.3.2"
  resolved "https://registry.npmjs.org/fsevents/-/fsevents-2.3.2.tgz"
  integrity sha512-xiqMQR4xAeHTuB9uWm+fFRcIOgKBMiOBP+eXiyT7jsgVCq1bkVygt00oASowB7EdtpOHaaPgKt812P9ab+DDKA==

"js-tokens@^3.0.0 || ^4.0.0":
  version "4.0.0"
  resolved "https://registry.npmjs.org/js-tokens/-/js-tokens-4.0.0.tgz"
  integrity sha512-RdJUflcE3cUzKiMqQgsCu06FPu9UdIJO0beYbPhHN4k6apgJtifcoCtT9bcxOpYBtpD2kCM6Sbzg4CausW/PKQ==

loose-envify@^1.1.0:
  version "1.4.0"
  resolved ""
  integrity sha512-lyuxPGr/Wfhrlem2CL/UcnUc1zcqKAImBDzukY7Y5F/yQiNdko6+fRLevlw1HgMySw7f611UIY408EtxRSoK3Q==
  dependencies:
    js-tokens "^3.0.0 || ^4.0.0"

nanoid@^3.3.6:
  version "3.3.6"
  resolved "https://registry.npmjs.org/nanoid/-/nanoid-3.3.6.tgz"
  integrity sha512-BGcqMMJuToF7i1rt+2PWSNVnWIkGCU78jBG3RxO/bZlnZPK2Cmi2QaffxGO/2RvWi9sL+FAiRiXMgsyxQ1DIDA==

picocolors@^1.0.0:
  version "1.0.0"
  resolved "https://registry.npmjs.org/picocolors/-/picocolors-1.0.0.tgz"
  integrity sha512-1fygroTLlHu66zi26VoTDv8yRgm0Fccecssto+MhsZ0D/DGW2sm8E8AjW7NU5VVTRt5GxbeZ5qBuJr+HyLYkjQ==

postcss@^8.4.23:
  version "8.4.23"
  resolved "https://registry.npmjs.org/postcss/-/postcss-8.4.23.tgz"
  integrity sha512-bQ3qMcpF6A/YjR55xtoTr0jGOlnPOKAIMdOWiv0EIT6HVPEaJiJB4NLljSbiHoC2RX7DN5Uvjtpbg1NPdwv1oA==
  dependencies:
    nanoid "^3.3.6"
    picocolors "^1.0.0"
    source-map-js "^1.0.2"

react@^18.2.0:
  version "18.2.0"
  resolved "https://registry.npmjs.org/react/-/react-18.2.0.tgz"
  integrity sha512-/3IjMdb2L9QbBdWiW5e3P2/npwMBaU9mHCSCUzNln0ZCYbcfTsGbTJrU/kGemdH2IWmB2ioZ+zkxtmq6g09fGQ==
  dependencies:
    loose-envify "^1.1.0"

react-dom@^18.2.0:
  version "18.2.0"
  resolved "https://registry.npmjs.org/react-dom/-/react-dom-18.2.0.tgz"
  integrity sha512-6IMTriUmvsjHUjNtEDudZfuDQUoWXVxKHhlEGSk81n4YFS+r/Kl99wXiwlVXtPBtJenozv2P+hxDsw9eA7Xo6g==
  dependencies:
    loose-envify "^1.1.0"
    scheduler "^0.23.0"

rollup@^3.21.0:
  version "3.21.2"
  resolved "https://registry.npmjs.org/rollup/-/rollup-3.21.2.tgz"
  integrity sha512-c4vC+JZ3bbF4Kqq2TtM7zSKtSyMybFOjqmomFax3xpfYaPZDZ4iz8NMIuBRMjnXOcKYozw7bC6vhJjiWD6JpzQ==
  optionalDependencies:
    fsevents "~2.3.2"

scheduler@^0.23.0:
  version "0.23.0"
  resolved "https://registry.npmjs.org/scheduler/-/scheduler-0.23.0.tgz"
  integrity sha512-CtuThmgHNg7zIZWAXi3AsyIzA3n4xx7aNyjwC2VJldO2LMVDhFK+63xGqq6CsJH4rTAt6/M+N4GhZiDYPx9eUw==
  dependencies:
    loose-envify "^1.1.0"

source-map-js@^1.0.2:
  version "1.0.2"
  resolved ""
  integrity sha512-R0XvVJ9WusLiqTCEiGCmICCMplcCkIwwR11mOSD9CR5u+IXYdiseeEuXCVAjS54zqwkLcPNnmU4OeJ6tUrWhDw==

typescript@^5.0.4:
  version "5.0.4"
  resolved "https://registry.npmjs.org/typescript/-/typescript-5.0.4.tgz"
  integrity sha512-cW9T5W9xY37cc+jfEnaUvX91foxtHkza3Nw3wkoF4sSlKn0MONdkdEndig/qPBWXNkmplh3NzayQzCiHM4/hqw==

vite@^4, vite@^4.3.3:
  version "4.3.3"
  resolved "https://registry.npmjs.org/vite/-/vite-4.3.3.tgz"
  integrity sha512-MwFlLBO4udZXd+VBcezo3u8mC77YQk+ik+fbc0GZWGgzfbPP+8Kf0fldhARqvSYmtIWoAJ5BXPClUbMTlqFxrA==
  dependencies:
    esbuild "^0.17.5"
    postcss "^8.4.23"
    rollup "^3.21.0"
  optionalDependencies:
    fsevents "~2.3.2"
