# THIS IS AN AUTOGENERATED FILE. DO NOT EDIT THIS FILE DIRECTLY.
# yarn lockfile v1
# bun ./bun.lockb --hash: 3775B8D77CB299FE-2d7c3fbeefc68b95-09C798DE7014D147-909b6fbfb4c788d9


"@esbuild/aix-ppc64@0.20.2":
  version "0.20.2"
  resolved "https://registry.npmjs.org/@esbuild/aix-ppc64/-/aix-ppc64-0.20.2.tgz"
  integrity sha512-D+EBOJHXdNZcLJRBkhENNG8Wji2kgc9AZ9KiPr1JuZjsNtyHzrsfLRrY0tk2H2aoFu6RANO1y1iPPUCDYWkb5g==

"@esbuild/android-arm@0.20.2":
  version "0.20.2"
  resolved "https://registry.npmjs.org/@esbuild/android-arm/-/android-arm-0.20.2.tgz"
  integrity sha512-t98Ra6pw2VaDhqNWO2Oph2LXbz/EJcnLmKLGBJwEwXX/JAN83Fym1rU8l0JUWK6HkIbWONCSSatf4sf2NBRx/w==

"@esbuild/android-arm64@0.20.2":
  version "0.20.2"
  resolved "https://registry.npmjs.org/@esbuild/android-arm64/-/android-arm64-0.20.2.tgz"
  integrity sha512-mRzjLacRtl/tWU0SvD8lUEwb61yP9cqQo6noDZP/O8VkwafSYwZ4yWy24kan8jE/IMERpYncRt2dw438LP3Xmg==

"@esbuild/android-x64@0.20.2":
  version "0.20.2"
  resolved "https://registry.npmjs.org/@esbuild/android-x64/-/android-x64-0.20.2.tgz"
  integrity sha512-btzExgV+/lMGDDa194CcUQm53ncxzeBrWJcncOBxuC6ndBkKxnHdFJn86mCIgTELsooUmwUm9FkhSp5HYu00Rg==

"@esbuild/darwin-arm64@0.20.2":
  version "0.20.2"
  resolved "https://registry.npmjs.org/@esbuild/darwin-arm64/-/darwin-arm64-0.20.2.tgz"
  integrity sha512-4J6IRT+10J3aJH3l1yzEg9y3wkTDgDk7TSDFX+wKFiWjqWp/iCfLIYzGyasx9l0SAFPT1HwSCR+0w/h1ES/MjA==

"@esbuild/darwin-x64@0.20.2":
  version "0.20.2"
  resolved "https://registry.npmjs.org/@esbuild/darwin-x64/-/darwin-x64-0.20.2.tgz"
  integrity sha512-tBcXp9KNphnNH0dfhv8KYkZhjc+H3XBkF5DKtswJblV7KlT9EI2+jeA8DgBjp908WEuYll6pF+UStUCfEpdysA==

"@esbuild/freebsd-arm64@0.20.2":
  version "0.20.2"
  resolved "https://registry.npmjs.org/@esbuild/freebsd-arm64/-/freebsd-arm64-0.20.2.tgz"
  integrity sha512-d3qI41G4SuLiCGCFGUrKsSeTXyWG6yem1KcGZVS+3FYlYhtNoNgYrWcvkOoaqMhwXSMrZRl69ArHsGJ9mYdbbw==

"@esbuild/freebsd-x64@0.20.2":
  version "0.20.2"
  resolved "https://registry.npmjs.org/@esbuild/freebsd-x64/-/freebsd-x64-0.20.2.tgz"
  integrity sha512-d+DipyvHRuqEeM5zDivKV1KuXn9WeRX6vqSqIDgwIfPQtwMP4jaDsQsDncjTDDsExT4lR/91OLjRo8bmC1e+Cw==

"@esbuild/linux-arm@0.20.2":
  version "0.20.2"
  resolved "https://registry.npmjs.org/@esbuild/linux-arm/-/linux-arm-0.20.2.tgz"
  integrity sha512-VhLPeR8HTMPccbuWWcEUD1Az68TqaTYyj6nfE4QByZIQEQVWBB8vup8PpR7y1QHL3CpcF6xd5WVBU/+SBEvGTg==

"@esbuild/linux-arm64@0.20.2":
  version "0.20.2"
  resolved "https://registry.npmjs.org/@esbuild/linux-arm64/-/linux-arm64-0.20.2.tgz"
  integrity sha512-9pb6rBjGvTFNira2FLIWqDk/uaf42sSyLE8j1rnUpuzsODBq7FvpwHYZxQ/It/8b+QOS1RYfqgGFNLRI+qlq2A==

"@esbuild/linux-ia32@0.20.2":
  version "0.20.2"
  resolved "https://registry.npmjs.org/@esbuild/linux-ia32/-/linux-ia32-0.20.2.tgz"
  integrity sha512-o10utieEkNPFDZFQm9CoP7Tvb33UutoJqg3qKf1PWVeeJhJw0Q347PxMvBgVVFgouYLGIhFYG0UGdBumROyiig==

"@esbuild/linux-loong64@0.20.2":
  version "0.20.2"
  resolved "https://registry.npmjs.org/@esbuild/linux-loong64/-/linux-loong64-0.20.2.tgz"
  integrity sha512-PR7sp6R/UC4CFVomVINKJ80pMFlfDfMQMYynX7t1tNTeivQ6XdX5r2XovMmha/VjR1YN/HgHWsVcTRIMkymrgQ==

"@esbuild/linux-mips64el@0.20.2":
  version "0.20.2"
  resolved "https://registry.npmjs.org/@esbuild/linux-mips64el/-/linux-mips64el-0.20.2.tgz"
  integrity sha512-4BlTqeutE/KnOiTG5Y6Sb/Hw6hsBOZapOVF6njAESHInhlQAghVVZL1ZpIctBOoTFbQyGW+LsVYZ8lSSB3wkjA==

"@esbuild/linux-ppc64@0.20.2":
  version "0.20.2"
  resolved "https://registry.npmjs.org/@esbuild/linux-ppc64/-/linux-ppc64-0.20.2.tgz"
  integrity sha512-rD3KsaDprDcfajSKdn25ooz5J5/fWBylaaXkuotBDGnMnDP1Uv5DLAN/45qfnf3JDYyJv/ytGHQaziHUdyzaAg==

"@esbuild/linux-riscv64@0.20.2":
  version "0.20.2"
  resolved "https://registry.npmjs.org/@esbuild/linux-riscv64/-/linux-riscv64-0.20.2.tgz"
  integrity sha512-snwmBKacKmwTMmhLlz/3aH1Q9T8v45bKYGE3j26TsaOVtjIag4wLfWSiZykXzXuE1kbCE+zJRmwp+ZbIHinnVg==

"@esbuild/linux-s390x@0.20.2":
  version "0.20.2"
  resolved "https://registry.npmjs.org/@esbuild/linux-s390x/-/linux-s390x-0.20.2.tgz"
  integrity sha512-wcWISOobRWNm3cezm5HOZcYz1sKoHLd8VL1dl309DiixxVFoFe/o8HnwuIwn6sXre88Nwj+VwZUvJf4AFxkyrQ==

"@esbuild/linux-x64@0.20.2":
  version "0.20.2"
  resolved "https://registry.npmjs.org/@esbuild/linux-x64/-/linux-x64-0.20.2.tgz"
  integrity sha512-1MdwI6OOTsfQfek8sLwgyjOXAu+wKhLEoaOLTjbijk6E2WONYpH9ZU2mNtR+lZ2B4uwr+usqGuVfFT9tMtGvGw==

"@esbuild/netbsd-x64@0.20.2":
  version "0.20.2"
  resolved "https://registry.npmjs.org/@esbuild/netbsd-x64/-/netbsd-x64-0.20.2.tgz"
  integrity sha512-K8/DhBxcVQkzYc43yJXDSyjlFeHQJBiowJ0uVL6Tor3jGQfSGHNNJcWxNbOI8v5k82prYqzPuwkzHt3J1T1iZQ==

"@esbuild/openbsd-x64@0.20.2":
  version "0.20.2"
  resolved "https://registry.npmjs.org/@esbuild/openbsd-x64/-/openbsd-x64-0.20.2.tgz"
  integrity sha512-eMpKlV0SThJmmJgiVyN9jTPJ2VBPquf6Kt/nAoo6DgHAoN57K15ZghiHaMvqjCye/uU4X5u3YSMgVBI1h3vKrQ==

"@esbuild/sunos-x64@0.20.2":
  version "0.20.2"
  resolved "https://registry.npmjs.org/@esbuild/sunos-x64/-/sunos-x64-0.20.2.tgz"
  integrity sha512-2UyFtRC6cXLyejf/YEld4Hajo7UHILetzE1vsRcGL3earZEW77JxrFjH4Ez2qaTiEfMgAXxfAZCm1fvM/G/o8w==

"@esbuild/win32-arm64@0.20.2":
  version "0.20.2"
  resolved "https://registry.npmjs.org/@esbuild/win32-arm64/-/win32-arm64-0.20.2.tgz"
  integrity sha512-GRibxoawM9ZCnDxnP3usoUDO9vUkpAxIIZ6GQI+IlVmr5kP3zUq+l17xELTHMWTWzjxa2guPNyrpq1GWmPvcGQ==

"@esbuild/win32-ia32@0.20.2":
  version "0.20.2"
  resolved "https://registry.npmjs.org/@esbuild/win32-ia32/-/win32-ia32-0.20.2.tgz"
  integrity sha512-HfLOfn9YWmkSKRQqovpnITazdtquEW8/SoHW7pWpuEeguaZI4QnCRW6b+oZTztdBnZOS2hqJ6im/D5cPzBTTlQ==

"@esbuild/win32-x64@0.20.2":
  version "0.20.2"
  resolved "https://registry.npmjs.org/@esbuild/win32-x64/-/win32-x64-0.20.2.tgz"
  integrity sha512-N49X4lJX27+l9jbLKSqZ6bKNjzQvHaT8IIFUy+YIqmXQdjYCToGWwOItDrfby14c78aDd5NHQl29xingXfCdLQ==

"@rollup/rollup-android-arm-eabi@4.15.0":
  version "4.15.0"
  resolved "https://registry.npmjs.org/@rollup/rollup-android-arm-eabi/-/rollup-android-arm-eabi-4.15.0.tgz"
  integrity sha512-O63bJ7p909pRRQfOJ0k/Jp8gNFMud+ZzLLG5EBWquylHxmRT2k18M2ifg8WyjCgFVdpA7+rI0YZ8EkAtg6dSUw==

"@rollup/rollup-android-arm64@4.15.0":
  version "4.15.0"
  resolved "https://registry.npmjs.org/@rollup/rollup-android-arm64/-/rollup-android-arm64-4.15.0.tgz"
  integrity sha512-5UywPdmC9jiVOShjQx4uuIcnTQOf85iA4jgg8bkFoH5NYWFfAfrJpv5eeokmTdSmYwUTT5IrcrBCJNkowhrZDA==

"@rollup/rollup-darwin-arm64@4.15.0":
  version "4.15.0"
  resolved "https://registry.npmjs.org/@rollup/rollup-darwin-arm64/-/rollup-darwin-arm64-4.15.0.tgz"
  integrity sha512-hNkt75uFfWpRxHItCBmbS0ba70WnibJh6yz60WShSWITLlVRbkvAu1E/c7RlliPY4ajhqJd0UPZz//gNalTd4g==

"@rollup/rollup-darwin-x64@4.15.0":
  version "4.15.0"
  resolved "https://registry.npmjs.org/@rollup/rollup-darwin-x64/-/rollup-darwin-x64-4.15.0.tgz"
  integrity sha512-HnC5bTP7qdfO9nUw/mBhNcjOEZfbS8NwV+nFegiMhYOn1ATAGZF4kfAxR9BuZevBrebWCxMmxm8NCU1CUoz+wQ==

"@rollup/rollup-linux-arm-gnueabihf@4.15.0":
  version "4.15.0"
  resolved "https://registry.npmjs.org/@rollup/rollup-linux-arm-gnueabihf/-/rollup-linux-arm-gnueabihf-4.15.0.tgz"
  integrity sha512-QGOIQIJZeIIqMsc4BUGe8TnV4dkXhSW2EhaQ1G4LqMUNpkyeLztvlDlOoNHn7SR7a4dBANdcEbPkkEzz3rzjzA==

"@rollup/rollup-linux-arm-musleabihf@4.15.0":
  version "4.15.0"
  resolved "https://registry.npmjs.org/@rollup/rollup-linux-arm-musleabihf/-/rollup-linux-arm-musleabihf-4.15.0.tgz"
  integrity sha512-PS/Cp8CinYgoysQ8i4UXYH/TZl06fXszvY/RDkyBYgUB1+tKyOMS925/4FZhfrhkl3XQEKjMc3BKtsxpB9Tz9Q==

"@rollup/rollup-linux-arm64-gnu@4.15.0":
  version "4.15.0"
  resolved "https://registry.npmjs.org/@rollup/rollup-linux-arm64-gnu/-/rollup-linux-arm64-gnu-4.15.0.tgz"
  integrity sha512-XzOsnD6lGDP+k+vGgTYAryVGu8N89qpjMN5BVFUj75dGVFP3FzIVAufJAraxirpDwEQZA7Gjs0Vo5p4UmnnjsA==

"@rollup/rollup-linux-arm64-musl@4.15.0":
  version "4.15.0"
  resolved "https://registry.npmjs.org/@rollup/rollup-linux-arm64-musl/-/rollup-linux-arm64-musl-4.15.0.tgz"
  integrity sha512-+ScJA4Epbx/ZQGjDnbvTAcb8ZD06b+TlIka2UkujbKf1I/A+yrvEcJwG3/27zMmvcWMQyeCJhbL9TlSjzL0B7Q==

"@rollup/rollup-linux-powerpc64le-gnu@4.15.0":
  version "4.15.0"
  resolved "https://registry.npmjs.org/@rollup/rollup-linux-powerpc64le-gnu/-/rollup-linux-powerpc64le-gnu-4.15.0.tgz"
  integrity sha512-1cUSvYgnyTakM4FDyf/GxUCDcqmj/hUh1NOizEOJU7+D5xEfFGCxgcNOs3hYBeRMUCcGmGkt01EhD3ILgKpGHQ==

"@rollup/rollup-linux-riscv64-gnu@4.15.0":
  version "4.15.0"
  resolved "https://registry.npmjs.org/@rollup/rollup-linux-riscv64-gnu/-/rollup-linux-riscv64-gnu-4.15.0.tgz"
  integrity sha512-3A1FbHDbBUvpJXFAZwVsiROIcstVHP9AX/cwnyIhAp+xyQ1cBCxywKtuzmw0Av1MDNNg/y/9dDHtNypfRa8bdw==

"@rollup/rollup-linux-s390x-gnu@4.15.0":
  version "4.15.0"
  resolved "https://registry.npmjs.org/@rollup/rollup-linux-s390x-gnu/-/rollup-linux-s390x-gnu-4.15.0.tgz"
  integrity sha512-hYPbhg9ow6/mXIkojc8LOeiip2sCTuw1taWyoOXTOWk9vawIXz8x7B4KkgWUAtvAElssxhSyEXr2EZycH/FGzQ==

"@rollup/rollup-linux-x64-gnu@4.15.0":
  version "4.15.0"
  resolved "https://registry.npmjs.org/@rollup/rollup-linux-x64-gnu/-/rollup-linux-x64-gnu-4.15.0.tgz"
  integrity sha512-511qln5mPSUKwv7HI28S1jCD1FK+2WbX5THM9A9annr3c1kzmfnf8Oe3ZakubEjob3IV6OPnNNcesfy+adIrmw==

"@rollup/rollup-linux-x64-musl@4.15.0":
  version "4.15.0"
  resolved "https://registry.npmjs.org/@rollup/rollup-linux-x64-musl/-/rollup-linux-x64-musl-4.15.0.tgz"
  integrity sha512-4qKKGTDIv2bQZ+afhPWqPL+94+dLtk4lw1iwbcylKlLNqQ/Yyjof2CFYBxf6npiDzPV+zf4EWRiHb26/4Vsm9w==

"@rollup/rollup-win32-arm64-msvc@4.15.0":
  version "4.15.0"
  resolved "https://registry.npmjs.org/@rollup/rollup-win32-arm64-msvc/-/rollup-win32-arm64-msvc-4.15.0.tgz"
  integrity sha512-nEtaFBHp1OnbOf+tz66DtID579sNRHGgMC23to8HUyVuOCpCMD0CvRNqiDGLErLNnwApWIUtUl1VvuovCWUxwg==

"@rollup/rollup-win32-ia32-msvc@4.15.0":
  version "4.15.0"
  resolved "https://registry.npmjs.org/@rollup/rollup-win32-ia32-msvc/-/rollup-win32-ia32-msvc-4.15.0.tgz"
  integrity sha512-5O49NykwSgX6iT2HgZ6cAoGHt6T/FqNMB5OqFOGxU/y1GyFSHquox1sK2OqApQc0ANxiHFQEMNDLNVCL7AUDnQ==

"@rollup/rollup-win32-x64-msvc@4.15.0":
  version "4.15.0"
  resolved "https://registry.npmjs.org/@rollup/rollup-win32-x64-msvc/-/rollup-win32-x64-msvc-4.15.0.tgz"
  integrity sha512-YA0hTwCunmKNeTOFWdJuKhdXse9jBqgo34FDo+9aS0spfCkp+wj0o1bCcOOTu+0P48O95GTfkLTAaVonwNuIdQ==

"@swc/core@^1.3.107":
  version "1.4.16"
  resolved "https://registry.npmjs.org/@swc/core/-/core-1.4.16.tgz"
  integrity sha512-Xaf+UBvW6JNuV131uvSNyMXHn+bh6LyKN4tbv7tOUFQpXyz/t9YWRE04emtlUW9Y0qrm/GKFCbY8n3z6BpZbTA==
  dependencies:
    "@swc/counter" "^0.1.2"
    "@swc/types" "^0.1.5"
  optionalDependencies:
    "@swc/core-darwin-x64" "1.4.16"
    "@swc/core-win32-x64-msvc" "1.4.16"
    "@swc/core-linux-x64-gnu" "1.4.16"
    "@swc/core-linux-x64-musl" "1.4.16"
    "@swc/core-win32-ia32-msvc" "1.4.16"
    "@swc/core-linux-arm-gnueabihf" "1.4.16"
    "@swc/core-linux-arm64-gnu" "1.4.16"
    "@swc/core-darwin-arm64" "1.4.16"
    "@swc/core-linux-arm64-musl" "1.4.16"
    "@swc/core-win32-arm64-msvc" "1.4.16"

"@swc/core-darwin-arm64@1.4.16":
  version "1.4.16"
  resolved "https://registry.npmjs.org/@swc/core-darwin-arm64/-/core-darwin-arm64-1.4.16.tgz"
  integrity sha512-UOCcH1GvjRnnM/LWT6VCGpIk0OhHRq6v1U6QXuPt5wVsgXnXQwnf5k3sG5Cm56hQHDvhRPY6HCsHi/p0oek8oQ==

"@swc/core-darwin-x64@1.4.16":
  version "1.4.16"
  resolved "https://registry.npmjs.org/@swc/core-darwin-x64/-/core-darwin-x64-1.4.16.tgz"
  integrity sha512-t3bgqFoYLWvyVtVL6KkFNCINEoOrIlyggT/kJRgi1y0aXSr0oVgcrQ4ezJpdeahZZ4N+Q6vT3ffM30yIunELNA==

"@swc/core-linux-arm-gnueabihf@1.4.16":
  version "1.4.16"
  resolved "https://registry.npmjs.org/@swc/core-linux-arm-gnueabihf/-/core-linux-arm-gnueabihf-1.4.16.tgz"
  integrity sha512-DvHuwvEF86YvSd0lwnzVcjOTZ0jcxewIbsN0vc/0fqm9qBdMMjr9ox6VCam1n3yYeRtj4VFgrjeNFksqbUejdQ==

"@swc/core-linux-arm64-gnu@1.4.16":
  version "1.4.16"
  resolved "https://registry.npmjs.org/@swc/core-linux-arm64-gnu/-/core-linux-arm64-gnu-1.4.16.tgz"
  integrity sha512-9Uu5YlPbyCvbidjKtYEsPpyZlu16roOZ5c2tP1vHfnU9bgf5Tz5q5VovSduNxPHx+ed2iC1b1URODHvDzbbDuQ==

"@swc/core-linux-arm64-musl@1.4.16":
  version "1.4.16"
  resolved "https://registry.npmjs.org/@swc/core-linux-arm64-musl/-/core-linux-arm64-musl-1.4.16.tgz"
  integrity sha512-/YZq/qB1CHpeoL0eMzyqK5/tYZn/rzKoCYDviFU4uduSUIJsDJQuQA/skdqUzqbheOXKAd4mnJ1hT04RbJ8FPQ==

"@swc/core-linux-x64-gnu@1.4.16":
  version "1.4.16"
  resolved "https://registry.npmjs.org/@swc/core-linux-x64-gnu/-/core-linux-x64-gnu-1.4.16.tgz"
  integrity sha512-UUjaW5VTngZYDcA8yQlrFmqs1tLi1TxbKlnaJwoNhel9zRQ0yG1YEVGrzTvv4YApSuIiDK18t+Ip927bwucuVQ==

"@swc/core-linux-x64-musl@1.4.16":
  version "1.4.16"
  resolved "https://registry.npmjs.org/@swc/core-linux-x64-musl/-/core-linux-x64-musl-1.4.16.tgz"
  integrity sha512-aFhxPifevDTwEDKPi4eRYWzC0p/WYJeiFkkpNU5Uc7a7M5iMWPAbPFUbHesdlb9Jfqs5c07oyz86u+/HySBNPQ==

"@swc/core-win32-arm64-msvc@1.4.16":
  version "1.4.16"
  resolved "https://registry.npmjs.org/@swc/core-win32-arm64-msvc/-/core-win32-arm64-msvc-1.4.16.tgz"
  integrity sha512-bTD43MbhIHL2s5QgCwyleaGwl96Gk/scF2TaVKdUe4QlJCDV/YK9h5oIBAp63ckHtE8GHlH4c8dZNBiAXn4Org==

"@swc/core-win32-ia32-msvc@1.4.16":
  version "1.4.16"
  resolved "https://registry.npmjs.org/@swc/core-win32-ia32-msvc/-/core-win32-ia32-msvc-1.4.16.tgz"
  integrity sha512-/lmZeAN/qV5XbK2SEvi8e2RkIg8FQNYiSA8y2/Zb4gTUMKVO5JMLH0BSWMiIKMstKDPDSxMWgwJaQHF8UMyPmQ==

"@swc/core-win32-x64-msvc@1.4.16":
  version "1.4.16"
  resolved "https://registry.npmjs.org/@swc/core-win32-x64-msvc/-/core-win32-x64-msvc-1.4.16.tgz"
  integrity sha512-BPAfFfODWXtUu6SwaTTftDHvcbDyWBSI/oanUeRbQR5vVWkXoQ3cxLTsDluc3H74IqXS5z1Uyoe0vNo2hB1opA==

"@swc/counter@^0.1.2":
  version "0.1.2"
  resolved "https://registry.npmjs.org/@swc/counter/-/counter-0.1.2.tgz"
  integrity sha512-9F4ys4C74eSTEUNndnER3VJ15oru2NumfQxS8geE+f3eB5xvfxpWyqE5XlVnxb/R14uoXi6SLbBwwiDSkv+XEw==

"@swc/types@^0.1.5":
  version "0.1.5"
  resolved "https://registry.npmjs.org/@swc/types/-/types-0.1.5.tgz"
  integrity sha512-myfUej5naTBWnqOCc/MdVOLVjXUXtIA+NpDrDBKJtLLg2shUjBu3cZmB/85RyitKc55+lUUyl7oRfLOvkr2hsw==

"@types/estree@1.0.5":
  version "1.0.5"
  resolved "https://registry.npmjs.org/@types/estree/-/estree-1.0.5.tgz"
  integrity sha512-/kYRxGDLWzHOB7q+wtSUQlFrtcdUccpfy+X+9iMBpHK8QLLhx2wIPYuS5DYtR9Wa/YlZAbIovy7qVdB1Aq6Lyw==

"@types/prop-types@*":
  version "15.7.11"
  resolved "https://registry.npmjs.org/@types/prop-types/-/prop-types-15.7.11.tgz"
  integrity sha512-ga8y9v9uyeiLdpKddhxYQkxNDrfvuPrlFb0N1qnZZByvcElJaXthF1UhvCh9TLWJBEHeNtdnbysW7Y6Uq8CVng==

"@types/react@*", "@types/react@^18.2.79":
  version "18.2.79"
  resolved "https://registry.npmjs.org/@types/react/-/react-18.2.79.tgz"
  integrity sha512-RwGAGXPl9kSXwdNTafkOEuFrTBD5SA2B3iEB96xi8+xu5ddUa/cpvyVCSNn+asgLCTHkb5ZxN8gbuibYJi4s1w==
  dependencies:
    "@types/prop-types" "*"
    csstype "^3.0.2"

"@types/react-dom@^18.2.25":
  version "18.2.25"
  resolved "https://registry.npmjs.org/@types/react-dom/-/react-dom-18.2.25.tgz"
  integrity sha512-o/V48vf4MQh7juIKZU2QGDfli6p1+OOi5oXx36Hffpc9adsHeXjVp8rHuPkjd8VT8sOJ2Zp05HR7CdpGTIUFUA==
  dependencies:
    "@types/react" "*"

"@vitejs/plugin-react-swc@^3.6.0":
  version "3.6.0"
  resolved "https://registry.npmjs.org/@vitejs/plugin-react-swc/-/plugin-react-swc-3.6.0.tgz"
  integrity sha512-XFRbsGgpGxGzEV5i5+vRiro1bwcIaZDIdBRP16qwm+jP68ue/S8FJTBEgOeojtVDYrbSua3XFp71kC8VJE6v+g==
  dependencies:
    "@swc/core" "^1.3.107"

csstype@^3.0.2:
  version "3.1.3"
  resolved "https://registry.npmjs.org/csstype/-/csstype-3.1.3.tgz"
  integrity sha512-M1uQkMl8rQK/szD0LNhtqxIPLpimGm8sOBwU7lLnCpSbTyY3yeU1Vc7l4KT5zT4s/yOxHH5O7tIuuLOCnLADRw==

detect-libc@^1.0.3:
  version "1.0.3"
  resolved "https://registry.npmjs.org/detect-libc/-/detect-libc-1.0.3.tgz"
  integrity sha512-pGjwhsmsp4kL2RTz08wcOlGN83otlqHeD/Z5T8GXZB+/YcpQ/dgo+lbU8ZsGxV0HIvqqxo9l7mqYwyYMD9bKDg==

esbuild@^0.20.1:
  version "0.20.2"
  resolved "https://registry.npmjs.org/esbuild/-/esbuild-0.20.2.tgz"
  integrity sha512-WdOOppmUNU+IbZ0PaDiTst80zjnrOkyJNHoKupIcVyU8Lvla3Ugx94VzkQ32Ijqd7UhHJy75gNWDMUekcrSJ6g==
  optionalDependencies:
    "@esbuild/aix-ppc64" "0.20.2"
    "@esbuild/android-arm" "0.20.2"
    "@esbuild/android-arm64" "0.20.2"
    "@esbuild/android-x64" "0.20.2"
    "@esbuild/darwin-arm64" "0.20.2"
    "@esbuild/darwin-x64" "0.20.2"
    "@esbuild/freebsd-arm64" "0.20.2"
    "@esbuild/freebsd-x64" "0.20.2"
    "@esbuild/linux-arm" "0.20.2"
    "@esbuild/linux-arm64" "0.20.2"
    "@esbuild/linux-ia32" "0.20.2"
    "@esbuild/linux-loong64" "0.20.2"
    "@esbuild/linux-mips64el" "0.20.2"
    "@esbuild/linux-ppc64" "0.20.2"
    "@esbuild/linux-riscv64" "0.20.2"
    "@esbuild/linux-s390x" "0.20.2"
    "@esbuild/linux-x64" "0.20.2"
    "@esbuild/netbsd-x64" "0.20.2"
    "@esbuild/openbsd-x64" "0.20.2"
    "@esbuild/sunos-x64" "0.20.2"
    "@esbuild/win32-arm64" "0.20.2"
    "@esbuild/win32-ia32" "0.20.2"
    "@esbuild/win32-x64" "0.20.2"

fsevents@~2.3.2, fsevents@~2.3.3:
  version "2.3.3"
  resolved "https://registry.npmjs.org/fsevents/-/fsevents-2.3.3.tgz"
  integrity sha512-5xoDfX+fL7faATnagmWPpbFtwh/R77WmMMqqHGS65C3vvB0YHrgF+B1YmZ3441tMj5n63k0212XNoJwzlhffQw==

"js-tokens@^3.0.0 || ^4.0.0":
  version "4.0.0"
  resolved "https://registry.npmjs.org/js-tokens/-/js-tokens-4.0.0.tgz"
  integrity sha512-RdJUflcE3cUzKiMqQgsCu06FPu9UdIJO0beYbPhHN4k6apgJtifcoCtT9bcxOpYBtpD2kCM6Sbzg4CausW/PKQ==

lightningcss@^1.21.0, lightningcss@^1.24.1:
  version "1.24.1"
  resolved "https://registry.npmjs.org/lightningcss/-/lightningcss-1.24.1.tgz"
  integrity sha512-kUpHOLiH5GB0ERSv4pxqlL0RYKnOXtgGtVe7shDGfhS0AZ4D1ouKFYAcLcZhql8aMspDNzaUCumGHZ78tb2fTg==
  dependencies:
    detect-libc "^1.0.3"
  optionalDependencies:
    lightningcss-darwin-x64 "1.24.1"
    lightningcss-linux-x64-gnu "1.24.1"
    lightningcss-win32-x64-msvc "1.24.1"
    lightningcss-darwin-arm64 "1.24.1"
    lightningcss-linux-arm64-gnu "1.24.1"
    lightningcss-linux-arm-gnueabihf "1.24.1"
    lightningcss-linux-arm64-musl "1.24.1"
    lightningcss-linux-x64-musl "1.24.1"
    lightningcss-freebsd-x64 "1.24.1"

lightningcss-darwin-arm64@1.24.1:
  version "1.24.1"
  resolved "https://registry.npmjs.org/lightningcss-darwin-arm64/-/lightningcss-darwin-arm64-1.24.1.tgz"
  integrity sha512-1jQ12jBy+AE/73uGQWGSafK5GoWgmSiIQOGhSEXiFJSZxzV+OXIx+a9h2EYHxdJfX864M+2TAxWPWb0Vv+8y4w==

lightningcss-darwin-x64@1.24.1:
  version "1.24.1"
  resolved "https://registry.npmjs.org/lightningcss-darwin-x64/-/lightningcss-darwin-x64-1.24.1.tgz"
  integrity sha512-R4R1d7VVdq2mG4igMU+Di8GPf0b64ZLnYVkubYnGG0Qxq1KaXQtAzcLI43EkpnoWvB/kUg8JKCWH4S13NfiLcQ==

lightningcss-freebsd-x64@1.24.1:
  version "1.24.1"
  resolved "https://registry.npmjs.org/lightningcss-freebsd-x64/-/lightningcss-freebsd-x64-1.24.1.tgz"
  integrity sha512-z6NberUUw5ALES6Ixn2shmjRRrM1cmEn1ZQPiM5IrZ6xHHL5a1lPin9pRv+w6eWfcrEo+qGG6R9XfJrpuY3e4g==

lightningcss-linux-arm-gnueabihf@1.24.1:
  version "1.24.1"
  resolved "https://registry.npmjs.org/lightningcss-linux-arm-gnueabihf/-/lightningcss-linux-arm-gnueabihf-1.24.1.tgz"
  integrity sha512-NLQLnBQW/0sSg74qLNI8F8QKQXkNg4/ukSTa+XhtkO7v3BnK19TS1MfCbDHt+TTdSgNEBv0tubRuapcKho2EWw==

lightningcss-linux-arm64-gnu@1.24.1:
  version "1.24.1"
  resolved "https://registry.npmjs.org/lightningcss-linux-arm64-gnu/-/lightningcss-linux-arm64-gnu-1.24.1.tgz"
  integrity sha512-AQxWU8c9E9JAjAi4Qw9CvX2tDIPjgzCTrZCSXKELfs4mCwzxRkHh2RCxX8sFK19RyJoJAjA/Kw8+LMNRHS5qEg==

lightningcss-linux-arm64-musl@1.24.1:
  version "1.24.1"
  resolved "https://registry.npmjs.org/lightningcss-linux-arm64-musl/-/lightningcss-linux-arm64-musl-1.24.1.tgz"
  integrity sha512-JCgH/SrNrhqsguUA0uJUM1PvN5+dVuzPIlXcoWDHSv2OU/BWlj2dUYr3XNzEw748SmNZPfl2NjQrAdzaPOn1lA==

lightningcss-linux-x64-gnu@1.24.1:
  version "1.24.1"
  resolved "https://registry.npmjs.org/lightningcss-linux-x64-gnu/-/lightningcss-linux-x64-gnu-1.24.1.tgz"
  integrity sha512-TYdEsC63bHV0h47aNRGN3RiK7aIeco3/keN4NkoSQ5T8xk09KHuBdySltWAvKLgT8JvR+ayzq8ZHnL1wKWY0rw==

lightningcss-linux-x64-musl@1.24.1:
  version "1.24.1"
  resolved "https://registry.npmjs.org/lightningcss-linux-x64-musl/-/lightningcss-linux-x64-musl-1.24.1.tgz"
  integrity sha512-HLfzVik3RToot6pQ2Rgc3JhfZkGi01hFetHt40HrUMoeKitLoqUUT5owM6yTZPTytTUW9ukLBJ1pc3XNMSvlLw==

lightningcss-win32-x64-msvc@1.24.1:
  version "1.24.1"
  resolved "https://registry.npmjs.org/lightningcss-win32-x64-msvc/-/lightningcss-win32-x64-msvc-1.24.1.tgz"
  integrity sha512-joEupPjYJ7PjZtDsS5lzALtlAudAbgIBMGJPNeFe5HfdmJXFd13ECmEM+5rXNxYVMRHua2w8132R6ab5Z6K9Ow==

loose-envify@^1.1.0:
  version "1.4.0"
  resolved "https://registry.npmjs.org/loose-envify/-/loose-envify-1.4.0.tgz"
  integrity sha512-lyuxPGr/Wfhrlem2CL/UcnUc1zcqKAImBDzukY7Y5F/yQiNdko6+fRLevlw1HgMySw7f611UIY408EtxRSoK3Q==
  dependencies:
    js-tokens "^3.0.0 || ^4.0.0"

nanoid@^3.3.7:
  version "3.3.7"
  resolved "https://registry.npmjs.org/nanoid/-/nanoid-3.3.7.tgz"
  integrity sha512-eSRppjcPIatRIMC1U6UngP8XFcz8MQWGQdt1MTBQ7NaAmvXDfvNxbvWV3x2y6CdEUciCSsDHDQZbhYaB8QEo2g==

picocolors@^1.0.0:
  version "1.0.0"
  resolved "https://registry.npmjs.org/picocolors/-/picocolors-1.0.0.tgz"
  integrity sha512-1fygroTLlHu66zi26VoTDv8yRgm0Fccecssto+MhsZ0D/DGW2sm8E8AjW7NU5VVTRt5GxbeZ5qBuJr+HyLYkjQ==

postcss@^8.4.38:
  version "8.4.38"
  resolved "https://registry.npmjs.org/postcss/-/postcss-8.4.38.tgz"
  integrity sha512-Wglpdk03BSfXkHoQa3b/oulrotAkwrlLDRSOb9D0bN86FdRyE9lppSp33aHNPgBa0JKCoB+drFLZkQoRRYae5A==
  dependencies:
    nanoid "^3.3.7"
    picocolors "^1.0.0"
    source-map-js "^1.2.0"

react@^18.2.0:
  version "18.2.0"
  resolved "https://registry.npmjs.org/react/-/react-18.2.0.tgz"
  integrity sha512-/3IjMdb2L9QbBdWiW5e3P2/npwMBaU9mHCSCUzNln0ZCYbcfTsGbTJrU/kGemdH2IWmB2ioZ+zkxtmq6g09fGQ==
  dependencies:
    loose-envify "^1.1.0"

react-dom@^18.2.0:
  version "18.2.0"
  resolved "https://registry.npmjs.org/react-dom/-/react-dom-18.2.0.tgz"
  integrity sha512-6IMTriUmvsjHUjNtEDudZfuDQUoWXVxKHhlEGSk81n4YFS+r/Kl99wXiwlVXtPBtJenozv2P+hxDsw9eA7Xo6g==
  dependencies:
    loose-envify "^1.1.0"
    scheduler "^0.23.0"

rollup@^4.13.0:
  version "4.15.0"
  resolved "https://registry.npmjs.org/rollup/-/rollup-4.15.0.tgz"
  integrity sha512-i0ir57IMF5o7YvNYyUNeIGG+IZaaucnGZAOsSctO2tPLXlCEaZzyBa+QhpHNSgtpyLMoDev2DyN6a7J1dQA8Tw==
  dependencies:
    "@types/estree" "1.0.5"
  optionalDependencies:
    fsevents "~2.3.2"
    "@rollup/rollup-darwin-arm64" "4.15.0"
    "@rollup/rollup-android-arm64" "4.15.0"
    "@rollup/rollup-win32-arm64-msvc" "4.15.0"
    "@rollup/rollup-linux-arm64-gnu" "4.15.0"
    "@rollup/rollup-linux-arm64-musl" "4.15.0"
    "@rollup/rollup-android-arm-eabi" "4.15.0"
    "@rollup/rollup-linux-arm-gnueabihf" "4.15.0"
    "@rollup/rollup-linux-arm-musleabihf" "4.15.0"
    "@rollup/rollup-win32-ia32-msvc" "4.15.0"
    "@rollup/rollup-linux-riscv64-gnu" "4.15.0"
    "@rollup/rollup-linux-powerpc64le-gnu" "4.15.0"
    "@rollup/rollup-linux-s390x-gnu" "4.15.0"
    "@rollup/rollup-darwin-x64" "4.15.0"
    "@rollup/rollup-win32-x64-msvc" "4.15.0"
    "@rollup/rollup-linux-x64-gnu" "4.15.0"
    "@rollup/rollup-linux-x64-musl" "4.15.0"

scheduler@^0.23.0:
  version "0.23.0"
  resolved "https://registry.npmjs.org/scheduler/-/scheduler-0.23.0.tgz"
  integrity sha512-CtuThmgHNg7zIZWAXi3AsyIzA3n4xx7aNyjwC2VJldO2LMVDhFK+63xGqq6CsJH4rTAt6/M+N4GhZiDYPx9eUw==
  dependencies:
    loose-envify "^1.1.0"

source-map-js@^1.2.0:
  version "1.2.0"
  resolved "https://registry.npmjs.org/source-map-js/-/source-map-js-1.2.0.tgz"
  integrity sha512-itJW8lvSA0TXEphiRoawsCksnlf8SyvmFzIhltqAHluXd88pkCd+cXJVHTDwdCr0IzwptSm035IHQktUu1QUMg==

typescript@^5.4.5:
  version "5.4.5"
  resolved "https://registry.npmjs.org/typescript/-/typescript-5.4.5.tgz"
  integrity sha512-vcI4UpRgg81oIRUFwR0WSIHKt11nJ7SAVlYNIu+QpqeyXP+gpQJy/Z4+F0aGxSE4MqwjyXvW/TzgkLAx2AGHwQ==

"vite@^4 || ^5", vite@^5.2.9:
  version "5.2.9"
  resolved "https://registry.npmjs.org/vite/-/vite-5.2.9.tgz"
  integrity sha512-uOQWfuZBlc6Y3W/DTuQ1Sr+oIXWvqljLvS881SVmAj00d5RdgShLcuXWxseWPd4HXwiYBFW/vXHfKFeqj9uQnw==
  dependencies:
    esbuild "^0.20.1"
    postcss "^8.4.38"
    rollup "^4.13.0"
  optionalDependencies:
    fsevents "~2.3.3"
